<?xml version="1.0" encoding="utf-8"?>
<Project ToolsVersion="4.0" xmlns="http://schemas.microsoft.com/developer/msbuild/2003">
  <ItemGroup>
    <Filter Include="源文件">
      <UniqueIdentifier>{4FC737F1-C7A5-4376-A066-2A32D752A2FF}</UniqueIdentifier>
      <Extensions>cpp;c;cc;cxx;def;odl;idl;hpj;bat;asm;asmx</Extensions>
    </Filter>
    <Filter Include="头文件">
      <UniqueIdentifier>{93995380-89BD-4b04-88EB-625FBE52EBFB}</UniqueIdentifier>
      <Extensions>h;hh;hpp;hxx;hm;inl;inc;xsd</Extensions>
    </Filter>
    <Filter Include="资源文件">
      <UniqueIdentifier>{67DA6AB6-F800-4c08-8B7A-83BB121AAD01}</UniqueIdentifier>
      <Extensions>rc;ico;cur;bmp;dlg;rc2;rct;bin;rgs;gif;jpg;jpeg;jpe;resx;tiff;tif;png;wav;mfcribbon-ms</Extensions>
    </Filter>
  </ItemGroup>
  <ItemGroup>
    <Text Include="ReadMe.txt" />
  </ItemGroup>
  <ItemGroup>
    <ClInclude Include="stdafx.h">
      <Filter>头文件</Filter>
    </ClInclude>
    <ClInclude Include="targetver.h">
      <Filter>头文件</Filter>
    </ClInclude>
    <ClInclude Include="Resource.h">
      <Filter>头文件</Filter>
    </ClInclude>
    <ClInclude Include="Penguin.h">
      <Filter>头文件</Filter>
    </ClInclude>
    <ClInclude Include="Game.h">
      <Filter>头文件</Filter>
    </ClInclude>
    <ClInclude Include="CommonHead.h">
      <Filter>头文件</Filter>
    </ClInclude>
    <ClInclude Include="Arith.h">
      <Filter>头文件</Filter>
    </ClInclude>
    <ClInclude Include="App.h">
      <Filter>头文件</Filter>
    </ClInclude>
    <ClInclude Include="CD2D.h">
      <Filter>头文件</Filter>
    </ClInclude>
    <ClInclude Include="CD2DAnimation.h">
      <Filter>头文件</Filter>
    </ClInclude>
    <ClInclude Include="CD2DImage.h">
      <Filter>头文件</Filter>
    </ClInclude>
    <ClInclude Include="CD2DGif.h">
      <Filter>头文件</Filter>
    </ClInclude>
    <ClInclude Include="DSound.h">
      <Filter>头文件</Filter>
    </ClInclude>
    <ClInclude Include="resource1.h">
      <Filter>头文件</Filter>
    </ClInclude>
    <ClInclude Include="Constants.h">
      <Filter>头文件</Filter>
    </ClInclude>
    <ClInclude Include="Types.h">
      <Filter>头文件</Filter>
    </ClInclude>
    <ClInclude Include="Ini.h">
      <Filter>头文件</Filter>
    </ClInclude>
    <ClInclude Include="Macros.h">
      <Filter>头文件</Filter>
    </ClInclude>
    <ClInclude Include="Element.h">
      <Filter>头文件</Filter>
    </ClInclude>
  </ItemGroup>
  <ItemGroup>
    <ClCompile Include="stdafx.cpp">
      <Filter>源文件</Filter>
    </ClCompile>
    <ClCompile Include="main.cpp">
      <Filter>源文件</Filter>
    </ClCompile>
    <ClCompile Include="App.cpp">
      <Filter>源文件</Filter>
    </ClCompile>
    <ClCompile Include="Game.cpp">
      <Filter>源文件</Filter>
    </ClCompile>
    <ClCompile Include="CD2D.cpp">
      <Filter>源文件</Filter>
    </ClCompile>
    <ClCompile Include="CD2DAnimation.cpp">
      <Filter>源文件</Filter>
    </ClCompile>
    <ClCompile Include="CD2DImage.cpp">
      <Filter>源文件</Filter>
    </ClCompile>
    <ClCompile Include="Arith.cpp">
      <Filter>源文件</Filter>
    </ClCompile>
    <ClCompile Include="CD2DGif.cpp">
      <Filter>源文件</Filter>
    </ClCompile>
    <ClCompile Include="DSound.cpp">
      <Filter>源文件</Filter>
    </ClCompile>
    <ClCompile Include="Types.cpp">
      <Filter>源文件</Filter>
    </ClCompile>
    <ClCompile Include="Constants.cpp">
      <Filter>源文件</Filter>
    </ClCompile>
    <ClCompile Include="Ini.cpp">
      <Filter>源文件</Filter>
    </ClCompile>
    <ClCompile Include="Macros.cpp">
      <Filter>源文件</Filter>
    </ClCompile>
    <ClCompile Include="Element.cpp">
      <Filter>源文件</Filter>
    </ClCompile>
  </ItemGroup>
  <ItemGroup>
    <ResourceCompile Include="Penguin.rc">
      <Filter>资源文件</Filter>
    </ResourceCompile>
  </ItemGroup>
  <ItemGroup>
    <Image Include="small.ico">
      <Filter>资源文件</Filter>
    </Image>
    <Image Include="Penguin.ico">
      <Filter>资源文件</Filter>
    </Image>
    <Image Include="C:\Users\xhy\Desktop\png1.png">
      <Filter>资源文件</Filter>
    </Image>
  </ItemGroup>
  <ItemGroup>
    <None Include="ClassDiagram.cd" />
  </ItemGroup>
</Project>